
Microsoft Visual Studio Solution File, Format Version 11.00
# Visual Studio 2010
Project("{FAE04EC0-301F-11D3-BF4B-00C04F79EFBC}") = "PartCover.MSBuild", "src\PartCover.MSBuild.csproj", "{DE9A32D1-A843-4D26-AB2C-F8F5B9441437}"
EndProject
Global
	GlobalSection(SolutionConfigurationPlatforms) = preSolution
		Debug|Any CPU = Debug|Any CPU
		Release|Any CPU = Release|Any CPU
	EndGlobalSection
	GlobalSection(ProjectConfigurationPlatforms) = postSolution
		{DE9A32D1-A843-4D26-AB2C-F8F5B9441437}.Debug|Any CPU.ActiveCfg = Debug|Any CPU
		{DE9A32D1-A843-4D26-AB2C-F8F5B9441437}.Debug|Any CPU.Build.0 = Debug|Any CPU
		{DE9A32D1-A843-4D26-AB2C-F8F5B9441437}.Release|Any CPU.ActiveCfg = Release|Any CPU
		{DE9A32D1-A843-4D26-AB2C-F8F5B9441437}.Release|Any CPU.Build.0 = Release|Any CPU
	EndGlobalSection
	GlobalSection(SolutionProperties) = preSolution
		HideSolutionNode = FALSE
	EndGlobalSection
EndGlobal
